
Microsoft Visual Studio Solution File, Format Version 12.00
# Visual Studio Version 16
VisualStudioVersion = 16.0.30128.74
MinimumVisualStudioVersion = 10.0.40219.1
Project("{FAE04EC0-301F-11D3-BF4B-00C04F79EFBC}") = "TodoApi", "TodoApi\TodoApi.csproj", "{818BF436-1438-4F66-9261-1FD81C533A2E}"
EndProject
Global
	GlobalSection(SolutionConfigurationPlatforms) = preSolution
		Debug|Any CPU = Debug|Any CPU
		Release|Any CPU = Release|Any CPU
	EndGlobalSection
	GlobalSection(ProjectConfigurationPlatforms) = postSolution
		{818BF436-1438-4F66-9261-1FD81C533A2E}.Debug|Any CPU.ActiveCfg = Debug|Any CPU
		{818BF436-1438-4F66-9261-1FD81C533A2E}.Debug|Any CPU.Build.0 = Debug|Any CPU
		{818BF436-1438-4F66-9261-1FD81C533A2E}.Release|Any CPU.ActiveCfg = Release|Any CPU
		{818BF436-1438-4F66-9261-1FD81C533A2E}.Release|Any CPU.Build.0 = Release|Any CPU
	EndGlobalSection
	GlobalSection(SolutionProperties) = preSolution
		HideSolutionNode = FALSE
	EndGlobalSection
	GlobalSection(ExtensibilityGlobals) = postSolution
		SolutionGuid = {A3483E10-EB3E-475A-A62F-C51B6C7E2854}
	EndGlobalSection
EndGlobal
